
Microsoft Visual Studio Solution File, Format Version 12.00
Project("{FAE04EC0-301F-11D3-BF4B-00C04F79EFBC}") = "MovieDB", "MovieDB.csproj", "{32B99B20-2D62-4859-82DE-8C61F266493E}"
EndProject
Global
	GlobalSection(SolutionConfigurationPlatforms) = preSolution
		Debug|Any CPU = Debug|Any CPU
		Release|Any CPU = Release|Any CPU
	EndGlobalSection
	GlobalSection(ProjectConfigurationPlatforms) = postSolution
		{32B99B20-2D62-4859-82DE-8C61F266493E}.Debug|Any CPU.ActiveCfg = Debug|Any CPU
		{32B99B20-2D62-4859-82DE-8C61F266493E}.Debug|Any CPU.Build.0 = Debug|Any CPU
		{32B99B20-2D62-4859-82DE-8C61F266493E}.Release|Any CPU.ActiveCfg = Release|Any CPU
		{32B99B20-2D62-4859-82DE-8C61F266493E}.Release|Any CPU.Build.0 = Release|Any CPU
	EndGlobalSection
EndGlobal
